
Microsoft Visual Studio Solution File, Format Version 12.00
# Visual Studio Version 16
VisualStudioVersion = 16.0.30104.148
MinimumVisualStudioVersion = 10.0.40219.1
Project("{FAE04EC0-301F-11D3-BF4B-00C04F79EFBC}") = "ContentView.Android", "ContentView\ContentView.Android\ContentView.Android.csproj", "{3C2854CE-DF37-40C2-A652-29ADFC59D113}"
EndProject
Project("{FAE04EC0-301F-11D3-BF4B-00C04F79EFBC}") = "ContentView", "ContentView\ContentView\ContentView.csproj", "{48BE80F9-692A-43CE-BC44-77F1E50ECD05}"
EndProject
Global
	GlobalSection(SolutionConfigurationPlatforms) = preSolution
		Debug|Any CPU = Debug|Any CPU
		Release|Any CPU = Release|Any CPU
	EndGlobalSection
	GlobalSection(ProjectConfigurationPlatforms) = postSolution
		{3C2854CE-DF37-40C2-A652-29ADFC59D113}.Debug|Any CPU.ActiveCfg = Debug|Any CPU
		{3C2854CE-DF37-40C2-A652-29ADFC59D113}.Debug|Any CPU.Build.0 = Debug|Any CPU
		{3C2854CE-DF37-40C2-A652-29ADFC59D113}.Debug|Any CPU.Deploy.0 = Debug|Any CPU
		{3C2854CE-DF37-40C2-A652-29ADFC59D113}.Release|Any CPU.ActiveCfg = Release|Any CPU
		{3C2854CE-DF37-40C2-A652-29ADFC59D113}.Release|Any CPU.Build.0 = Release|Any CPU
		{3C2854CE-DF37-40C2-A652-29ADFC59D113}.Release|Any CPU.Deploy.0 = Release|Any CPU
		{48BE80F9-692A-43CE-BC44-77F1E50ECD05}.Debug|Any CPU.ActiveCfg = Debug|Any CPU
		{48BE80F9-692A-43CE-BC44-77F1E50ECD05}.Debug|Any CPU.Build.0 = Debug|Any CPU
		{48BE80F9-692A-43CE-BC44-77F1E50ECD05}.Debug|Any CPU.Deploy.0 = Debug|Any CPU
		{48BE80F9-692A-43CE-BC44-77F1E50ECD05}.Release|Any CPU.ActiveCfg = Release|Any CPU
		{48BE80F9-692A-43CE-BC44-77F1E50ECD05}.Release|Any CPU.Build.0 = Release|Any CPU
		{48BE80F9-692A-43CE-BC44-77F1E50ECD05}.Release|Any CPU.Deploy.0 = Release|Any CPU
	EndGlobalSection
	GlobalSection(SolutionProperties) = preSolution
		HideSolutionNode = FALSE
	EndGlobalSection
	GlobalSection(ExtensibilityGlobals) = postSolution
		SolutionGuid = {92CFBD9F-1DA3-4CB6-981A-1600ACA80499}
	EndGlobalSection
EndGlobal
